
Microsoft Visual Studio Solution File, Format Version 12.00
# Visual Studio Version 16
VisualStudioVersion = 16.0.31729.503
MinimumVisualStudioVersion = 10.0.40219.1
Project("{FAE04EC0-301F-11D3-BF4B-00C04F79EFBC}") = "hra s čísly", "hra s čísly\hra s čísly.csproj", "{A19B95D9-E335-47CC-BF86-35001AA33D90}"
EndProject
Global
	GlobalSection(SolutionConfigurationPlatforms) = preSolution
		Debug|Any CPU = Debug|Any CPU
		Release|Any CPU = Release|Any CPU
	EndGlobalSection
	GlobalSection(ProjectConfigurationPlatforms) = postSolution
		{A19B95D9-E335-47CC-BF86-35001AA33D90}.Debug|Any CPU.ActiveCfg = Debug|Any CPU
		{A19B95D9-E335-47CC-BF86-35001AA33D90}.Debug|Any CPU.Build.0 = Debug|Any CPU
		{A19B95D9-E335-47CC-BF86-35001AA33D90}.Release|Any CPU.ActiveCfg = Release|Any CPU
		{A19B95D9-E335-47CC-BF86-35001AA33D90}.Release|Any CPU.Build.0 = Release|Any CPU
	EndGlobalSection
	GlobalSection(SolutionProperties) = preSolution
		HideSolutionNode = FALSE
	EndGlobalSection
	GlobalSection(ExtensibilityGlobals) = postSolution
		SolutionGuid = {C1F7325F-39EB-47E6-8865-3E6E35F6B35C}
	EndGlobalSection
EndGlobal
